
Microsoft Visual Studio Solution File, Format Version 12.00
# Visual Studio Version 17
VisualStudioVersion = 17.10.35013.160
MinimumVisualStudioVersion = 10.0.40219.1
Project("{9A19103F-16F7-4668-BE54-9A1E7A4F7556}") = "Plugin.Maui.Chat.Sample", "Plugin.Maui.Chat.Sample\Plugin.Maui.Chat.Sample.csproj", "{CE150A3C-8946-43AF-A70C-AF51A99A8E61}"
EndProject
Project("{9A19103F-16F7-4668-BE54-9A1E7A4F7556}") = "Plugin.Maui.Chat", "..\src\Plugin.Maui.Chat\Plugin.Maui.Chat.csproj", "{EBE2339C-B7E6-4408-B13D-EDA53617B508}"
EndProject
Global
	GlobalSection(SolutionConfigurationPlatforms) = preSolution
		Debug|Any CPU = Debug|Any CPU
		Release|Any CPU = Release|Any CPU
	EndGlobalSection
	GlobalSection(ProjectConfigurationPlatforms) = postSolution
		{EBE2339C-B7E6-4408-B13D-EDA53617B508}.Debug|Any CPU.ActiveCfg = Debug|Any CPU
		{EBE2339C-B7E6-4408-B13D-EDA53617B508}.Debug|Any CPU.Build.0 = Debug|Any CPU
		{EBE2339C-B7E6-4408-B13D-EDA53617B508}.Release|Any CPU.ActiveCfg = Release|Any CPU
		{EBE2339C-B7E6-4408-B13D-EDA53617B508}.Release|Any CPU.Build.0 = Release|Any CPU
		{CE150A3C-8946-43AF-A70C-AF51A99A8E61}.Debug|Any CPU.ActiveCfg = Debug|Any CPU
		{CE150A3C-8946-43AF-A70C-AF51A99A8E61}.Debug|Any CPU.Build.0 = Debug|Any CPU
		{CE150A3C-8946-43AF-A70C-AF51A99A8E61}.Debug|Any CPU.Deploy.0 = Debug|Any CPU
		{CE150A3C-8946-43AF-A70C-AF51A99A8E61}.Release|Any CPU.ActiveCfg = Release|Any CPU
		{CE150A3C-8946-43AF-A70C-AF51A99A8E61}.Release|Any CPU.Build.0 = Release|Any CPU
		{CE150A3C-8946-43AF-A70C-AF51A99A8E61}.Release|Any CPU.Deploy.0 = Release|Any CPU
	EndGlobalSection
	GlobalSection(SolutionProperties) = preSolution
		HideSolutionNode = FALSE
	EndGlobalSection
	GlobalSection(ExtensibilityGlobals) = postSolution
		SolutionGuid = {588FB229-0159-4E3C-9DAC-D99D7A8BB130}
	EndGlobalSection
EndGlobal
